<?xml version="1.0" encoding="utf-8"?>
<Project ToolsVersion="4.0" xmlns="http://schemas.microsoft.com/developer/msbuild/2003">
  <ItemGroup>
    <Filter Include="usd_m">
      <UniqueIdentifier>{203d1938-aeba-46c5-a226-1c2e71317212}</UniqueIdentifier>
    </Filter>
    <Filter Include="utils">
      <UniqueIdentifier>{9f477a6a-b15e-4f75-8bf8-abedf7d0687c}</UniqueIdentifier>
    </Filter>
  </ItemGroup>
  <ItemGroup>
    <ClInclude Include="usd_m\RestOp.hpp">
      <Filter>usd_m</Filter>
    </ClInclude>
    <ClInclude Include="usd_m\WebSocketOp.hpp">
      <Filter>usd_m</Filter>
    </ClInclude>
    <ClInclude Include="utils\const_val.hpp">
      <Filter>utils</Filter>
    </ClInclude>
    <ClInclude Include="utils\HttpRequest.hpp">
      <Filter>utils</Filter>
    </ClInclude>
    <ClInclude Include="utils\json.hpp">
      <Filter>utils</Filter>
    </ClInclude>
    <ClInclude Include="utils\MapConvert.hpp">
      <Filter>utils</Filter>
    </ClInclude>
    <ClInclude Include="utils\Timestamp.hpp">
      <Filter>utils</Filter>
    </ClInclude>
    <ClInclude Include="utils\WebSocket.hpp">
      <Filter>utils</Filter>
    </ClInclude>
  </ItemGroup>
</Project>